
Microsoft Visual Studio Solution File, Format Version 12.00
# Visual Studio Version 17
VisualStudioVersion = 17.10.35004.147
MinimumVisualStudioVersion = 10.0.40219.1
Project("{FAE04EC0-301F-11D3-BF4B-00C04F79EFBC}") = "CourseProvider", "CourseProvider\CourseProvider.csproj", "{C8CF237C-D83E-4A9C-83D2-02C1D749FE87}"
EndProject
Project("{FAE04EC0-301F-11D3-BF4B-00C04F79EFBC}") = "CourseProvider.Infrastructure", "CourseProvider.Infrastructure\CourseProvider.Infrastructure.csproj", "{6F94B976-1E00-47CD-B892-64BF8058C1DE}"
EndProject
Global
	GlobalSection(SolutionConfigurationPlatforms) = preSolution
		Debug|Any CPU = Debug|Any CPU
		Release|Any CPU = Release|Any CPU
	EndGlobalSection
	GlobalSection(ProjectConfigurationPlatforms) = postSolution
		{C8CF237C-D83E-4A9C-83D2-02C1D749FE87}.Debug|Any CPU.ActiveCfg = Debug|Any CPU
		{C8CF237C-D83E-4A9C-83D2-02C1D749FE87}.Debug|Any CPU.Build.0 = Debug|Any CPU
		{C8CF237C-D83E-4A9C-83D2-02C1D749FE87}.Release|Any CPU.ActiveCfg = Release|Any CPU
		{C8CF237C-D83E-4A9C-83D2-02C1D749FE87}.Release|Any CPU.Build.0 = Release|Any CPU
		{6F94B976-1E00-47CD-B892-64BF8058C1DE}.Debug|Any CPU.ActiveCfg = Debug|Any CPU
		{6F94B976-1E00-47CD-B892-64BF8058C1DE}.Debug|Any CPU.Build.0 = Debug|Any CPU
		{6F94B976-1E00-47CD-B892-64BF8058C1DE}.Release|Any CPU.ActiveCfg = Release|Any CPU
		{6F94B976-1E00-47CD-B892-64BF8058C1DE}.Release|Any CPU.Build.0 = Release|Any CPU
	EndGlobalSection
	GlobalSection(SolutionProperties) = preSolution
		HideSolutionNode = FALSE
	EndGlobalSection
	GlobalSection(ExtensibilityGlobals) = postSolution
		SolutionGuid = {4C644309-C9AB-492E-A4CC-A654BCCC51F9}
	EndGlobalSection
EndGlobal
